
Microsoft Visual Studio Solution File, Format Version 12.00
# Visual Studio Version 16
VisualStudioVersion = 16.0.31729.503
MinimumVisualStudioVersion = 10.0.40219.1
Project("{FAE04EC0-301F-11D3-BF4B-00C04F79EFBC}") = "Haykal_BetaMart", "Haykal_BetaMart\Haykal_BetaMart.csproj", "{517D0E4D-EF92-404B-8927-73570C67121B}"
EndProject
Global
	GlobalSection(SolutionConfigurationPlatforms) = preSolution
		Debug|Any CPU = Debug|Any CPU
		Release|Any CPU = Release|Any CPU
	EndGlobalSection
	GlobalSection(ProjectConfigurationPlatforms) = postSolution
		{517D0E4D-EF92-404B-8927-73570C67121B}.Debug|Any CPU.ActiveCfg = Debug|Any CPU
		{517D0E4D-EF92-404B-8927-73570C67121B}.Debug|Any CPU.Build.0 = Debug|Any CPU
		{517D0E4D-EF92-404B-8927-73570C67121B}.Release|Any CPU.ActiveCfg = Release|Any CPU
		{517D0E4D-EF92-404B-8927-73570C67121B}.Release|Any CPU.Build.0 = Release|Any CPU
	EndGlobalSection
	GlobalSection(SolutionProperties) = preSolution
		HideSolutionNode = FALSE
	EndGlobalSection
	GlobalSection(ExtensibilityGlobals) = postSolution
		SolutionGuid = {FA403B40-93BF-4C9D-AF08-6864C00976BC}
	EndGlobalSection
EndGlobal
